
Microsoft Visual Studio Solution File, Format Version 12.00
# Visual Studio 15
VisualStudioVersion = 15.0.28307.136
MinimumVisualStudioVersion = 10.0.40219.1
Project("{9A19103F-16F7-4668-BE54-9A1E7A4F7556}") = "FunApp.Web", "Web\FunApp.Web.csproj", "{7F603F14-81AD-45BA-849E-B0513C02C714}"
EndProject
Project("{2150E333-8FDC-42A3-9474-1A3956D46DE8}") = "Data", "Data", "{9E0CFC5A-2C78-4526-A105-ADA7A48E5BEC}"
EndProject
Project("{9A19103F-16F7-4668-BE54-9A1E7A4F7556}") = "FunApp.Data", "Data\FunApp.Data\FunApp.Data.csproj", "{8B117187-4306-452B-ACF2-EB3A4726BB1B}"
EndProject
Project("{9A19103F-16F7-4668-BE54-9A1E7A4F7556}") = "FunApp.Data.Models", "Data\FunApp.Data.Models\FunApp.Data.Models.csproj", "{FF86C09E-9513-4BA8-ABD3-BA37A13FF170}"
EndProject
Project("{2150E333-8FDC-42A3-9474-1A3956D46DE8}") = "Tests", "Tests", "{6D53998B-D715-46C1-A059-450DD3FECBBB}"
EndProject
Project("{9A19103F-16F7-4668-BE54-9A1E7A4F7556}") = "Sandbox", "Tests\Sandbox\Sandbox.csproj", "{F06B4619-15CA-4E21-BCA3-7488B173F2D5}"
EndProject
Project("{2150E333-8FDC-42A3-9474-1A3956D46DE8}") = "Services", "Services", "{54670BBF-1D8D-48B3-BC1F-369C61B30BD7}"
EndProject
Project("{9A19103F-16F7-4668-BE54-9A1E7A4F7556}") = "FunApp.Services.Models", "Services\FunApp.Services\FunApp.Services.Models.csproj", "{4E974314-0748-4FD8-BEE0-F1E84FF4846B}"
EndProject
Project("{9A19103F-16F7-4668-BE54-9A1E7A4F7556}") = "FunApp.Services.DataServices", "Services\FunApp.Services.Data\FunApp.Services.DataServices.csproj", "{42695839-C2D1-4C2A-A904-C678C93EA8A8}"
EndProject
Project("{9A19103F-16F7-4668-BE54-9A1E7A4F7556}") = "FunApp.Services.Messaging", "Services\FunApp.Services.Messaging\FunApp.Services.Messaging.csproj", "{5DB66D60-67EE-40E5-A051-3990FAB2C9EB}"
EndProject
Project("{9A19103F-16F7-4668-BE54-9A1E7A4F7556}") = "FunApp.Services.Mapping", "Services\FunApp.Services.Mapping\FunApp.Services.Mapping.csproj", "{9B077E4E-6C6A-44BA-B860-9A9423DFF4D3}"
EndProject
Project("{9A19103F-16F7-4668-BE54-9A1E7A4F7556}") = "FunApp.Data.Common", "Data\Common\FunApp.Data.Common\FunApp.Data.Common.csproj", "{FEADE08F-5E7E-4E6C-AED7-36139D9DFBA8}"
EndProject
Global
	GlobalSection(SolutionConfigurationPlatforms) = preSolution
		Debug|Any CPU = Debug|Any CPU
		Release|Any CPU = Release|Any CPU
	EndGlobalSection
	GlobalSection(ProjectConfigurationPlatforms) = postSolution
		{7F603F14-81AD-45BA-849E-B0513C02C714}.Debug|Any CPU.ActiveCfg = Debug|Any CPU
		{7F603F14-81AD-45BA-849E-B0513C02C714}.Debug|Any CPU.Build.0 = Debug|Any CPU
		{7F603F14-81AD-45BA-849E-B0513C02C714}.Release|Any CPU.ActiveCfg = Release|Any CPU
		{7F603F14-81AD-45BA-849E-B0513C02C714}.Release|Any CPU.Build.0 = Release|Any CPU
		{8B117187-4306-452B-ACF2-EB3A4726BB1B}.Debug|Any CPU.ActiveCfg = Debug|Any CPU
		{8B117187-4306-452B-ACF2-EB3A4726BB1B}.Debug|Any CPU.Build.0 = Debug|Any CPU
		{8B117187-4306-452B-ACF2-EB3A4726BB1B}.Release|Any CPU.ActiveCfg = Release|Any CPU
		{8B117187-4306-452B-ACF2-EB3A4726BB1B}.Release|Any CPU.Build.0 = Release|Any CPU
		{FF86C09E-9513-4BA8-ABD3-BA37A13FF170}.Debug|Any CPU.ActiveCfg = Debug|Any CPU
		{FF86C09E-9513-4BA8-ABD3-BA37A13FF170}.Debug|Any CPU.Build.0 = Debug|Any CPU
		{FF86C09E-9513-4BA8-ABD3-BA37A13FF170}.Release|Any CPU.ActiveCfg = Release|Any CPU
		{FF86C09E-9513-4BA8-ABD3-BA37A13FF170}.Release|Any CPU.Build.0 = Release|Any CPU
		{F06B4619-15CA-4E21-BCA3-7488B173F2D5}.Debug|Any CPU.ActiveCfg = Debug|Any CPU
		{F06B4619-15CA-4E21-BCA3-7488B173F2D5}.Debug|Any CPU.Build.0 = Debug|Any CPU
		{F06B4619-15CA-4E21-BCA3-7488B173F2D5}.Release|Any CPU.ActiveCfg = Release|Any CPU
		{F06B4619-15CA-4E21-BCA3-7488B173F2D5}.Release|Any CPU.Build.0 = Release|Any CPU
		{4E974314-0748-4FD8-BEE0-F1E84FF4846B}.Debug|Any CPU.ActiveCfg = Debug|Any CPU
		{4E974314-0748-4FD8-BEE0-F1E84FF4846B}.Debug|Any CPU.Build.0 = Debug|Any CPU
		{4E974314-0748-4FD8-BEE0-F1E84FF4846B}.Release|Any CPU.ActiveCfg = Release|Any CPU
		{4E974314-0748-4FD8-BEE0-F1E84FF4846B}.Release|Any CPU.Build.0 = Release|Any CPU
		{42695839-C2D1-4C2A-A904-C678C93EA8A8}.Debug|Any CPU.ActiveCfg = Debug|Any CPU
		{42695839-C2D1-4C2A-A904-C678C93EA8A8}.Debug|Any CPU.Build.0 = Debug|Any CPU
		{42695839-C2D1-4C2A-A904-C678C93EA8A8}.Release|Any CPU.ActiveCfg = Release|Any CPU
		{42695839-C2D1-4C2A-A904-C678C93EA8A8}.Release|Any CPU.Build.0 = Release|Any CPU
		{5DB66D60-67EE-40E5-A051-3990FAB2C9EB}.Debug|Any CPU.ActiveCfg = Debug|Any CPU
		{5DB66D60-67EE-40E5-A051-3990FAB2C9EB}.Debug|Any CPU.Build.0 = Debug|Any CPU
		{5DB66D60-67EE-40E5-A051-3990FAB2C9EB}.Release|Any CPU.ActiveCfg = Release|Any CPU
		{5DB66D60-67EE-40E5-A051-3990FAB2C9EB}.Release|Any CPU.Build.0 = Release|Any CPU
		{9B077E4E-6C6A-44BA-B860-9A9423DFF4D3}.Debug|Any CPU.ActiveCfg = Debug|Any CPU
		{9B077E4E-6C6A-44BA-B860-9A9423DFF4D3}.Debug|Any CPU.Build.0 = Debug|Any CPU
		{9B077E4E-6C6A-44BA-B860-9A9423DFF4D3}.Release|Any CPU.ActiveCfg = Release|Any CPU
		{9B077E4E-6C6A-44BA-B860-9A9423DFF4D3}.Release|Any CPU.Build.0 = Release|Any CPU
		{FEADE08F-5E7E-4E6C-AED7-36139D9DFBA8}.Debug|Any CPU.ActiveCfg = Debug|Any CPU
		{FEADE08F-5E7E-4E6C-AED7-36139D9DFBA8}.Debug|Any CPU.Build.0 = Debug|Any CPU
		{FEADE08F-5E7E-4E6C-AED7-36139D9DFBA8}.Release|Any CPU.ActiveCfg = Release|Any CPU
		{FEADE08F-5E7E-4E6C-AED7-36139D9DFBA8}.Release|Any CPU.Build.0 = Release|Any CPU
	EndGlobalSection
	GlobalSection(SolutionProperties) = preSolution
		HideSolutionNode = FALSE
	EndGlobalSection
	GlobalSection(NestedProjects) = preSolution
		{8B117187-4306-452B-ACF2-EB3A4726BB1B} = {9E0CFC5A-2C78-4526-A105-ADA7A48E5BEC}
		{FF86C09E-9513-4BA8-ABD3-BA37A13FF170} = {9E0CFC5A-2C78-4526-A105-ADA7A48E5BEC}
		{F06B4619-15CA-4E21-BCA3-7488B173F2D5} = {6D53998B-D715-46C1-A059-450DD3FECBBB}
		{4E974314-0748-4FD8-BEE0-F1E84FF4846B} = {54670BBF-1D8D-48B3-BC1F-369C61B30BD7}
		{42695839-C2D1-4C2A-A904-C678C93EA8A8} = {54670BBF-1D8D-48B3-BC1F-369C61B30BD7}
		{5DB66D60-67EE-40E5-A051-3990FAB2C9EB} = {54670BBF-1D8D-48B3-BC1F-369C61B30BD7}
		{9B077E4E-6C6A-44BA-B860-9A9423DFF4D3} = {54670BBF-1D8D-48B3-BC1F-369C61B30BD7}
		{FEADE08F-5E7E-4E6C-AED7-36139D9DFBA8} = {9E0CFC5A-2C78-4526-A105-ADA7A48E5BEC}
	EndGlobalSection
	GlobalSection(ExtensibilityGlobals) = postSolution
		SolutionGuid = {53F62510-D43B-454E-8EB0-78E1B840A545}
	EndGlobalSection
EndGlobal
